{
  "name": "@narumitw/pi-chrome-devtools",
  "version": "0.52.1",
  "lockfileVersion": 3,
  "requires": true,
  "packages": {
    "": {
      "name": "@narumitw/pi-chrome-devtools",
      "version": "0.52.1",
      "license": "MIT",
      "dependencies": {
        "@narumitw/pi-tui-kit": "^0.51.0"
      }
    },
    "node_modules/@narumitw/pi-tui-kit": {
      "version": "0.51.0",
      "resolved": "https://registry.npmjs.org/@narumitw/pi-tui-kit/-/pi-tui-kit-0.51.0.tgz",
      "integrity": "sha512-NH5G2GTegZwU7H5anGnTox7q+2PIhTOz6W+4YRgyYb9xuqLfOBBtY58xwoDxYqrgnmfycc0d9O6PvF37gWtzug==",
      "license": "MIT",
      "dependencies": {
        "highlight.js": "11.11.1"
      },
      "peerDependencies": {
        "@earendil-works/pi-coding-agent": "*",
        "@earendil-works/pi-tui": "*"
      }
    },
    "node_modules/highlight.js": {
      "version": "11.11.1",
      "resolved": "https://registry.npmjs.org/highlight.js/-/highlight.js-11.11.1.tgz",
      "integrity": "sha512-Xwwo44whKBVCYoliBQwaPvtd/2tYFkRQtXDWj1nackaV2JPXx3L0+Jvd8/qCJ2p+ML0/XVkJ2q+Mr+UVdpJK5w==",
      "license": "BSD-3-Clause",
      "engines": {
        "node": ">=12.0.0"
      }
    }
  }
}
