{
  "name": "@pi-archimedes/todo",
  "version": "1.7.1",
  "lockfileVersion": 3,
  "requires": true,
  "packages": {
    "": {
      "name": "@pi-archimedes/todo",
      "version": "1.7.1",
      "dependencies": {
        "@pi-archimedes/core": "1.7.1"
      },
      "devDependencies": {
        "typescript": "^6.0.0"
      },
      "peerDependencies": {
        "@earendil-works/pi-ai": ">=0.1.0",
        "@earendil-works/pi-coding-agent": ">=0.1.0",
        "@earendil-works/pi-tui": ">=0.1.0"
      }
    },
    "node_modules/@pi-archimedes/core": {
      "version": "1.7.1",
      "resolved": "https://registry.npmjs.org/@pi-archimedes/core/-/core-1.7.1.tgz",
      "integrity": "sha512-BzbXYb9pgEt1xjWzQGb1MotKsQh1X4vl5cEZmcw/ZCgaI2dhD/ea5mwgNTDhxTFPN79AKc4uEM6jEx4qjwa+bw==",
      "peerDependencies": {
        "@earendil-works/pi-coding-agent": ">=0.1.0",
        "@earendil-works/pi-tui": ">=0.1.0"
      }
    },
    "node_modules/typescript": {
      "version": "6.0.3",
      "resolved": "https://registry.npmjs.org/typescript/-/typescript-6.0.3.tgz",
      "integrity": "sha512-y2TvuxSZPDyQakkFRPZHKFm+KKVqIisdg9/CZwm9ftvKXLP8NRWj38/ODjNbr43SsoXqNuAisEf1GdCxqWcdBw==",
      "dev": true,
      "license": "Apache-2.0",
      "bin": {
        "tsc": "bin/tsc",
        "tsserver": "bin/tsserver"
      },
      "engines": {
        "node": ">=14.17"
      }
    }
  }
}
