{
  "name": "@narumitw/pi-btw",
  "version": "0.42.1",
  "lockfileVersion": 3,
  "requires": true,
  "packages": {
    "": {
      "name": "@narumitw/pi-btw",
      "version": "0.42.1",
      "license": "MIT",
      "dependencies": {
        "@narumitw/pi-tui-kit": "^0.42.0"
      }
    },
    "node_modules/@narumitw/pi-tui-kit": {
      "version": "0.42.0",
      "resolved": "https://registry.npmjs.org/@narumitw/pi-tui-kit/-/pi-tui-kit-0.42.0.tgz",
      "integrity": "sha512-sdATrMZLgYYtNr0cJFOHHMjNyLCExEKcyoxPV1iWfN3VLCPfAsd4fO+L/emJqMisauFP0NlcaKCOvSTUFprpNw==",
      "license": "MIT",
      "peerDependencies": {
        "@earendil-works/pi-coding-agent": "*",
        "@earendil-works/pi-tui": "*"
      }
    }
  }
}
